
Microsoft Visual Studio Solution File, Format Version 11.00
# Visual Studio 2010
Project("{FAE04EC0-301F-11D3-BF4B-00C04F79EFBC}") = "PlaneTicketAdvisorCS", "PlaneTicketAdvisorCS\PlaneTicketAdvisorCS.csproj", "{46E679B0-69BA-4DC2-B267-C47692CEBFC9}"
	ProjectSection(ProjectDependencies) = postProject
		{BC23B44E-C924-4B38-AD3C-A2133D4C2E33} = {BC23B44E-C924-4B38-AD3C-A2133D4C2E33}
	EndProjectSection
EndProject
Project("{FAE04EC0-301F-11D3-BF4B-00C04F79EFBC}") = "WebMiner", "WebMiner\WebMiner.csproj", "{6CB6456A-05CF-4B52-801A-EDC82EED6BC4}"
EndProject
Project("{FAE04EC0-301F-11D3-BF4B-00C04F79EFBC}") = "BusinessLogic", "BusinessLogic\BusinessLogic.csproj", "{BC23B44E-C924-4B38-AD3C-A2133D4C2E33}"
	ProjectSection(ProjectDependencies) = postProject
		{6CB6456A-05CF-4B52-801A-EDC82EED6BC4} = {6CB6456A-05CF-4B52-801A-EDC82EED6BC4}
	EndProjectSection
EndProject
Global
	GlobalSection(SolutionConfigurationPlatforms) = preSolution
		Debug|Any CPU = Debug|Any CPU
		Debug|Mixed Platforms = Debug|Mixed Platforms
		Debug|x86 = Debug|x86
		Release|Any CPU = Release|Any CPU
		Release|Mixed Platforms = Release|Mixed Platforms
		Release|x86 = Release|x86
	EndGlobalSection
	GlobalSection(ProjectConfigurationPlatforms) = postSolution
		{46E679B0-69BA-4DC2-B267-C47692CEBFC9}.Debug|Any CPU.ActiveCfg = Debug|x86
		{46E679B0-69BA-4DC2-B267-C47692CEBFC9}.Debug|Any CPU.Build.0 = Debug|x86
		{46E679B0-69BA-4DC2-B267-C47692CEBFC9}.Debug|Mixed Platforms.ActiveCfg = Debug|x86
		{46E679B0-69BA-4DC2-B267-C47692CEBFC9}.Debug|Mixed Platforms.Build.0 = Debug|x86
		{46E679B0-69BA-4DC2-B267-C47692CEBFC9}.Debug|x86.ActiveCfg = Debug|x86
		{46E679B0-69BA-4DC2-B267-C47692CEBFC9}.Debug|x86.Build.0 = Debug|x86
		{46E679B0-69BA-4DC2-B267-C47692CEBFC9}.Release|Any CPU.ActiveCfg = Release|x86
		{46E679B0-69BA-4DC2-B267-C47692CEBFC9}.Release|Mixed Platforms.ActiveCfg = Release|x86
		{46E679B0-69BA-4DC2-B267-C47692CEBFC9}.Release|Mixed Platforms.Build.0 = Release|x86
		{46E679B0-69BA-4DC2-B267-C47692CEBFC9}.Release|x86.ActiveCfg = Release|x86
		{46E679B0-69BA-4DC2-B267-C47692CEBFC9}.Release|x86.Build.0 = Release|x86
		{6CB6456A-05CF-4B52-801A-EDC82EED6BC4}.Debug|Any CPU.ActiveCfg = Debug|Any CPU
		{6CB6456A-05CF-4B52-801A-EDC82EED6BC4}.Debug|Any CPU.Build.0 = Debug|Any CPU
		{6CB6456A-05CF-4B52-801A-EDC82EED6BC4}.Debug|Mixed Platforms.ActiveCfg = Debug|Any CPU
		{6CB6456A-05CF-4B52-801A-EDC82EED6BC4}.Debug|Mixed Platforms.Build.0 = Debug|Any CPU
		{6CB6456A-05CF-4B52-801A-EDC82EED6BC4}.Debug|x86.ActiveCfg = Debug|Any CPU
		{6CB6456A-05CF-4B52-801A-EDC82EED6BC4}.Debug|x86.Build.0 = Debug|Any CPU
		{6CB6456A-05CF-4B52-801A-EDC82EED6BC4}.Release|Any CPU.ActiveCfg = Release|Any CPU
		{6CB6456A-05CF-4B52-801A-EDC82EED6BC4}.Release|Any CPU.Build.0 = Release|Any CPU
		{6CB6456A-05CF-4B52-801A-EDC82EED6BC4}.Release|Mixed Platforms.ActiveCfg = Release|Any CPU
		{6CB6456A-05CF-4B52-801A-EDC82EED6BC4}.Release|Mixed Platforms.Build.0 = Release|Any CPU
		{6CB6456A-05CF-4B52-801A-EDC82EED6BC4}.Release|x86.ActiveCfg = Release|Any CPU
		{BC23B44E-C924-4B38-AD3C-A2133D4C2E33}.Debug|Any CPU.ActiveCfg = Debug|Any CPU
		{BC23B44E-C924-4B38-AD3C-A2133D4C2E33}.Debug|Any CPU.Build.0 = Debug|Any CPU
		{BC23B44E-C924-4B38-AD3C-A2133D4C2E33}.Debug|Mixed Platforms.ActiveCfg = Debug|Any CPU
		{BC23B44E-C924-4B38-AD3C-A2133D4C2E33}.Debug|Mixed Platforms.Build.0 = Debug|Any CPU
		{BC23B44E-C924-4B38-AD3C-A2133D4C2E33}.Debug|x86.ActiveCfg = Debug|Any CPU
		{BC23B44E-C924-4B38-AD3C-A2133D4C2E33}.Debug|x86.Build.0 = Debug|Any CPU
		{BC23B44E-C924-4B38-AD3C-A2133D4C2E33}.Release|Any CPU.ActiveCfg = Release|Any CPU
		{BC23B44E-C924-4B38-AD3C-A2133D4C2E33}.Release|Any CPU.Build.0 = Release|Any CPU
		{BC23B44E-C924-4B38-AD3C-A2133D4C2E33}.Release|Mixed Platforms.ActiveCfg = Release|Any CPU
		{BC23B44E-C924-4B38-AD3C-A2133D4C2E33}.Release|Mixed Platforms.Build.0 = Release|Any CPU
		{BC23B44E-C924-4B38-AD3C-A2133D4C2E33}.Release|x86.ActiveCfg = Release|Any CPU
	EndGlobalSection
	GlobalSection(SolutionProperties) = preSolution
		HideSolutionNode = FALSE
	EndGlobalSection
EndGlobal
